
Microsoft Visual Studio Solution File, Format Version 12.00
# Visual Studio Version 16
VisualStudioVersion = 16.0.29709.97
MinimumVisualStudioVersion = 10.0.40219.1
Project("{FAE04EC0-301F-11D3-BF4B-00C04F79EFBC}") = "RestSharpExtentReports", "RestSharpExtentReports\RestSharpExtentReports.csproj", "{BCB526A4-3875-4451-B75E-0004600B42F5}"
EndProject
Global
	GlobalSection(SolutionConfigurationPlatforms) = preSolution
		Debug|Any CPU = Debug|Any CPU
		Release|Any CPU = Release|Any CPU
	EndGlobalSection
	GlobalSection(ProjectConfigurationPlatforms) = postSolution
		{BCB526A4-3875-4451-B75E-0004600B42F5}.Debug|Any CPU.ActiveCfg = Debug|Any CPU
		{BCB526A4-3875-4451-B75E-0004600B42F5}.Debug|Any CPU.Build.0 = Debug|Any CPU
		{BCB526A4-3875-4451-B75E-0004600B42F5}.Release|Any CPU.ActiveCfg = Release|Any CPU
		{BCB526A4-3875-4451-B75E-0004600B42F5}.Release|Any CPU.Build.0 = Release|Any CPU
	EndGlobalSection
	GlobalSection(SolutionProperties) = preSolution
		HideSolutionNode = FALSE
	EndGlobalSection
	GlobalSection(ExtensibilityGlobals) = postSolution
		SolutionGuid = {80F925D7-D9B7-4246-8E2E-C5F43274F4BB}
	EndGlobalSection
EndGlobal
